
Microsoft Visual Studio Solution File, Format Version 12.00
# Visual Studio Version 17
VisualStudioVersion = 17.3.32922.545
MinimumVisualStudioVersion = 10.0.40219.1
Project("{FAE04EC0-301F-11D3-BF4B-00C04F79EFBC}") = "backdoor", "backdoor\backdoor.csproj", "{086DBBAB-A792-4DE5-A35B-23A0B6699E21}"
EndProject
Global
	GlobalSection(SolutionConfigurationPlatforms) = preSolution
		Debug|Any CPU = Debug|Any CPU
		Release|Any CPU = Release|Any CPU
	EndGlobalSection
	GlobalSection(ProjectConfigurationPlatforms) = postSolution
		{086DBBAB-A792-4DE5-A35B-23A0B6699E21}.Debug|Any CPU.ActiveCfg = Debug|Any CPU
		{086DBBAB-A792-4DE5-A35B-23A0B6699E21}.Debug|Any CPU.Build.0 = Debug|Any CPU
		{086DBBAB-A792-4DE5-A35B-23A0B6699E21}.Release|Any CPU.ActiveCfg = Release|Any CPU
		{086DBBAB-A792-4DE5-A35B-23A0B6699E21}.Release|Any CPU.Build.0 = Release|Any CPU
	EndGlobalSection
	GlobalSection(SolutionProperties) = preSolution
		HideSolutionNode = FALSE
	EndGlobalSection
	GlobalSection(ExtensibilityGlobals) = postSolution
		SolutionGuid = {A705C29D-CA59-4AD9-9E06-27C28DE16789}
	EndGlobalSection
EndGlobal
